schema: '2.0'
stages:
  data_ingestion:
    cmd: python src/cnnClassifier/pipeline/stage_01_data_ingestion.py
    deps:
    - path: config/config.yaml
      hash: md5
      md5: 32bddc5c02b3f31c2af5af0ccb9e29c6
      size: 801
    - path: src/cnnClassifier/pipeline/stage_01_data_ingestion.py
      hash: md5
      md5: e001d1d858be8ec0e87a5023b6fc823f
      size: 881
    outs:
    - path: artifacts/data_ingestion/Chicken-fecal-images
      hash: md5
      md5: 9e1f8dd2eae3c29e9d635df89d438ae4.dir
      size: 12207807
      nfiles: 390
  prepare_base_model:
    cmd: python src/cnnClassifier/pipeline/stage_02_prepare_base_model.py
    deps:
    - path: config/config.yaml
      hash: md5
      md5: 32bddc5c02b3f31c2af5af0ccb9e29c6
      size: 801
    - path: src/cnnClassifier/pipeline/stage_02_prepare_base_model.py
      hash: md5
      md5: 3c16ec81babb30641201c7511103616c
      size: 919
    params:
      params.yaml:
        CLASSES: 2
        IMAGE_SIZE:
        - 224
        - 224
        - 3
        INCLUDE_TOP: false
        LEARNING_RATE: 0.01
        WEIGHTS: imagenet
    outs:
    - path: artifacts/prepare_base_model
      hash: md5
      md5: b8d8b7e8fdb9b5fbb5fd60c1bceec1d1.dir
      size: 118073175
      nfiles: 2
  training:
    cmd: python src/cnnClassifier/pipeline/stage_03_training.py
    deps:
    - path: artifacts/data_ingestion/Chicken-fecal-images
      hash: md5
      md5: 9e1f8dd2eae3c29e9d635df89d438ae4.dir
      size: 12207807
      nfiles: 390
    - path: artifacts/prepare_base_model
      hash: md5
      md5: b8d8b7e8fdb9b5fbb5fd60c1bceec1d1.dir
      size: 118073175
      nfiles: 2
    - path: config/config.yaml
      hash: md5
      md5: 32bddc5c02b3f31c2af5af0ccb9e29c6
      size: 801
    - path: src/cnnClassifier/components/prepare_callbacks.py
      hash: md5
      md5: 1caafe0ffa638cec69ffb80c9ed5afcf
      size: 1409
    - path: src/cnnClassifier/pipeline/stage_03_training.py
      hash: md5
      md5: 59a1287768332c5736eaa7a8732dfd84
      size: 1350
    params:
      params.yaml:
        AUGMENTATION: true
        BATCH_SIZE: 16
        EPOCHS: 10
        IMAGE_SIZE:
        - 224
        - 224
        - 3
    outs:
    - path: artifacts/training/model.keras
      hash: md5
      md5: 175e00a0e9d10eeb0f84ae5736fd2a2d
      size: 59141232
  evaluation:
    cmd: python src/cnnClassifier/pipeline/stage_04_model_evaluation.py
    deps:
    - path: artifacts/data_ingestion/Chicken-fecal-images
      hash: md5
      md5: 9e1f8dd2eae3c29e9d635df89d438ae4.dir
      size: 12207807
      nfiles: 390
    - path: artifacts/training/model.keras
      hash: md5
      md5: 175e00a0e9d10eeb0f84ae5736fd2a2d
      size: 59141232
    - path: config/config.yaml
      hash: md5
      md5: 32bddc5c02b3f31c2af5af0ccb9e29c6
      size: 801
    - path: src/cnnClassifier/pipeline/stage_04_model_evaluation.py
      hash: md5
      md5: 18d8a46a52eb6a0e625b1890cfa263c5
      size: 883
    params:
      params.yaml:
        BATCH_SIZE: 16
        IMAGE_SIZE:
        - 224
        - 224
        - 3
    outs:
    - path: scores.json
      hash: md5
      md5: 662364215557070cc8dcd786fa900987
      size: 73
